
Microsoft Visual Studio Solution File, Format Version 12.00
# Visual Studio Version 16
VisualStudioVersion = 16.0.30330.147
MinimumVisualStudioVersion = 15.0.26124.0
Project("{2150E333-8FDC-42A3-9474-1A3956D46DE8}") = "domain", "domain", "{D54566E9-B31E-4F13-81AF-20C2574DA8A9}"
EndProject
Project("{9A19103F-16F7-4668-BE54-9A1E7A4F7556}") = "Store", "domain\store\Store.csproj", "{5CC37C18-F9A0-4135-A12B-847F63A3D57A}"
EndProject
Project("{2150E333-8FDC-42A3-9474-1A3956D46DE8}") = "Infrastructure", "Infrastructure", "{F238FEDA-6247-4616-8285-F202FB8414F7}"
EndProject
Project("{2150E333-8FDC-42A3-9474-1A3956D46DE8}") = "presentation", "presentation", "{5485A2BC-3EC1-42EE-AA99-5DA01367FAB8}"
EndProject
Project("{9A19103F-16F7-4668-BE54-9A1E7A4F7556}") = "Store.Web", "presentation\Store.Web\Store.Web.csproj", "{16B95607-F68F-4C25-9070-AB85EA89BEBA}"
EndProject
Project("{9A19103F-16F7-4668-BE54-9A1E7A4F7556}") = "Store.Web.Contractors", "presentation\Store.Web.Contractors\Store.Web.Contractors.csproj", "{8535D43B-9F17-48E7-9FA7-F0E4D940871B}"
EndProject
Project("{2150E333-8FDC-42A3-9474-1A3956D46DE8}") = "plugins", "plugins", "{055B809C-2097-46D4-B467-FE98E2E50A20}"
EndProject
Project("{9A19103F-16F7-4668-BE54-9A1E7A4F7556}") = "Store.YandexKassa", "plugins\Store.YandexKassa\Store.YandexKassa.csproj", "{B94185EE-6C8A-40B9-8027-F0CFFB0FEDCE}"
EndProject
Project("{2150E333-8FDC-42A3-9474-1A3956D46DE8}") = "application", "application", "{5D916472-FF95-45AF-BC42-BCE3821D2244}"
EndProject
Project("{9A19103F-16F7-4668-BE54-9A1E7A4F7556}") = "Store.Web.App", "application\Store.Web.App\Store.Web.App.csproj", "{FBE641EC-720C-4FD9-B32E-4D73B6E6A6C0}"
EndProject
Project("{FAE04EC0-301F-11D3-BF4B-00C04F79EFBC}") = "Store.Data.EF", "infrastructure\Store.Data.EF\Store.Data.EF.csproj", "{8F3A5DAA-9965-46C0-96D1-4D2EEEF7C2A5}"
EndProject
Global
	GlobalSection(SolutionConfigurationPlatforms) = preSolution
		Debug|Any CPU = Debug|Any CPU
		Debug|x64 = Debug|x64
		Debug|x86 = Debug|x86
		Release|Any CPU = Release|Any CPU
		Release|x64 = Release|x64
		Release|x86 = Release|x86
	EndGlobalSection
	GlobalSection(ProjectConfigurationPlatforms) = postSolution
		{5CC37C18-F9A0-4135-A12B-847F63A3D57A}.Debug|Any CPU.ActiveCfg = Debug|Any CPU
		{5CC37C18-F9A0-4135-A12B-847F63A3D57A}.Debug|Any CPU.Build.0 = Debug|Any CPU
		{5CC37C18-F9A0-4135-A12B-847F63A3D57A}.Debug|x64.ActiveCfg = Debug|Any CPU
		{5CC37C18-F9A0-4135-A12B-847F63A3D57A}.Debug|x64.Build.0 = Debug|Any CPU
		{5CC37C18-F9A0-4135-A12B-847F63A3D57A}.Debug|x86.ActiveCfg = Debug|Any CPU
		{5CC37C18-F9A0-4135-A12B-847F63A3D57A}.Debug|x86.Build.0 = Debug|Any CPU
		{5CC37C18-F9A0-4135-A12B-847F63A3D57A}.Release|Any CPU.ActiveCfg = Release|Any CPU
		{5CC37C18-F9A0-4135-A12B-847F63A3D57A}.Release|Any CPU.Build.0 = Release|Any CPU
		{5CC37C18-F9A0-4135-A12B-847F63A3D57A}.Release|x64.ActiveCfg = Release|Any CPU
		{5CC37C18-F9A0-4135-A12B-847F63A3D57A}.Release|x64.Build.0 = Release|Any CPU
		{5CC37C18-F9A0-4135-A12B-847F63A3D57A}.Release|x86.ActiveCfg = Release|Any CPU
		{5CC37C18-F9A0-4135-A12B-847F63A3D57A}.Release|x86.Build.0 = Release|Any CPU
		{16B95607-F68F-4C25-9070-AB85EA89BEBA}.Debug|Any CPU.ActiveCfg = Debug|Any CPU
		{16B95607-F68F-4C25-9070-AB85EA89BEBA}.Debug|Any CPU.Build.0 = Debug|Any CPU
		{16B95607-F68F-4C25-9070-AB85EA89BEBA}.Debug|x64.ActiveCfg = Debug|Any CPU
		{16B95607-F68F-4C25-9070-AB85EA89BEBA}.Debug|x64.Build.0 = Debug|Any CPU
		{16B95607-F68F-4C25-9070-AB85EA89BEBA}.Debug|x86.ActiveCfg = Debug|Any CPU
		{16B95607-F68F-4C25-9070-AB85EA89BEBA}.Debug|x86.Build.0 = Debug|Any CPU
		{16B95607-F68F-4C25-9070-AB85EA89BEBA}.Release|Any CPU.ActiveCfg = Release|Any CPU
		{16B95607-F68F-4C25-9070-AB85EA89BEBA}.Release|Any CPU.Build.0 = Release|Any CPU
		{16B95607-F68F-4C25-9070-AB85EA89BEBA}.Release|x64.ActiveCfg = Release|Any CPU
		{16B95607-F68F-4C25-9070-AB85EA89BEBA}.Release|x64.Build.0 = Release|Any CPU
		{16B95607-F68F-4C25-9070-AB85EA89BEBA}.Release|x86.ActiveCfg = Release|Any CPU
		{16B95607-F68F-4C25-9070-AB85EA89BEBA}.Release|x86.Build.0 = Release|Any CPU
		{8535D43B-9F17-48E7-9FA7-F0E4D940871B}.Debug|Any CPU.ActiveCfg = Debug|Any CPU
		{8535D43B-9F17-48E7-9FA7-F0E4D940871B}.Debug|Any CPU.Build.0 = Debug|Any CPU
		{8535D43B-9F17-48E7-9FA7-F0E4D940871B}.Debug|x64.ActiveCfg = Debug|Any CPU
		{8535D43B-9F17-48E7-9FA7-F0E4D940871B}.Debug|x64.Build.0 = Debug|Any CPU
		{8535D43B-9F17-48E7-9FA7-F0E4D940871B}.Debug|x86.ActiveCfg = Debug|Any CPU
		{8535D43B-9F17-48E7-9FA7-F0E4D940871B}.Debug|x86.Build.0 = Debug|Any CPU
		{8535D43B-9F17-48E7-9FA7-F0E4D940871B}.Release|Any CPU.ActiveCfg = Release|Any CPU
		{8535D43B-9F17-48E7-9FA7-F0E4D940871B}.Release|Any CPU.Build.0 = Release|Any CPU
		{8535D43B-9F17-48E7-9FA7-F0E4D940871B}.Release|x64.ActiveCfg = Release|Any CPU
		{8535D43B-9F17-48E7-9FA7-F0E4D940871B}.Release|x64.Build.0 = Release|Any CPU
		{8535D43B-9F17-48E7-9FA7-F0E4D940871B}.Release|x86.ActiveCfg = Release|Any CPU
		{8535D43B-9F17-48E7-9FA7-F0E4D940871B}.Release|x86.Build.0 = Release|Any CPU
		{B94185EE-6C8A-40B9-8027-F0CFFB0FEDCE}.Debug|Any CPU.ActiveCfg = Debug|Any CPU
		{B94185EE-6C8A-40B9-8027-F0CFFB0FEDCE}.Debug|Any CPU.Build.0 = Debug|Any CPU
		{B94185EE-6C8A-40B9-8027-F0CFFB0FEDCE}.Debug|x64.ActiveCfg = Debug|Any CPU
		{B94185EE-6C8A-40B9-8027-F0CFFB0FEDCE}.Debug|x64.Build.0 = Debug|Any CPU
		{B94185EE-6C8A-40B9-8027-F0CFFB0FEDCE}.Debug|x86.ActiveCfg = Debug|Any CPU
		{B94185EE-6C8A-40B9-8027-F0CFFB0FEDCE}.Debug|x86.Build.0 = Debug|Any CPU
		{B94185EE-6C8A-40B9-8027-F0CFFB0FEDCE}.Release|Any CPU.ActiveCfg = Release|Any CPU
		{B94185EE-6C8A-40B9-8027-F0CFFB0FEDCE}.Release|Any CPU.Build.0 = Release|Any CPU
		{B94185EE-6C8A-40B9-8027-F0CFFB0FEDCE}.Release|x64.ActiveCfg = Release|Any CPU
		{B94185EE-6C8A-40B9-8027-F0CFFB0FEDCE}.Release|x64.Build.0 = Release|Any CPU
		{B94185EE-6C8A-40B9-8027-F0CFFB0FEDCE}.Release|x86.ActiveCfg = Release|Any CPU
		{B94185EE-6C8A-40B9-8027-F0CFFB0FEDCE}.Release|x86.Build.0 = Release|Any CPU
		{FBE641EC-720C-4FD9-B32E-4D73B6E6A6C0}.Debug|Any CPU.ActiveCfg = Debug|Any CPU
		{FBE641EC-720C-4FD9-B32E-4D73B6E6A6C0}.Debug|Any CPU.Build.0 = Debug|Any CPU
		{FBE641EC-720C-4FD9-B32E-4D73B6E6A6C0}.Debug|x64.ActiveCfg = Debug|Any CPU
		{FBE641EC-720C-4FD9-B32E-4D73B6E6A6C0}.Debug|x64.Build.0 = Debug|Any CPU
		{FBE641EC-720C-4FD9-B32E-4D73B6E6A6C0}.Debug|x86.ActiveCfg = Debug|Any CPU
		{FBE641EC-720C-4FD9-B32E-4D73B6E6A6C0}.Debug|x86.Build.0 = Debug|Any CPU
		{FBE641EC-720C-4FD9-B32E-4D73B6E6A6C0}.Release|Any CPU.ActiveCfg = Release|Any CPU
		{FBE641EC-720C-4FD9-B32E-4D73B6E6A6C0}.Release|Any CPU.Build.0 = Release|Any CPU
		{FBE641EC-720C-4FD9-B32E-4D73B6E6A6C0}.Release|x64.ActiveCfg = Release|Any CPU
		{FBE641EC-720C-4FD9-B32E-4D73B6E6A6C0}.Release|x64.Build.0 = Release|Any CPU
		{FBE641EC-720C-4FD9-B32E-4D73B6E6A6C0}.Release|x86.ActiveCfg = Release|Any CPU
		{FBE641EC-720C-4FD9-B32E-4D73B6E6A6C0}.Release|x86.Build.0 = Release|Any CPU
		{8F3A5DAA-9965-46C0-96D1-4D2EEEF7C2A5}.Debug|Any CPU.ActiveCfg = Debug|Any CPU
		{8F3A5DAA-9965-46C0-96D1-4D2EEEF7C2A5}.Debug|Any CPU.Build.0 = Debug|Any CPU
		{8F3A5DAA-9965-46C0-96D1-4D2EEEF7C2A5}.Debug|x64.ActiveCfg = Debug|Any CPU
		{8F3A5DAA-9965-46C0-96D1-4D2EEEF7C2A5}.Debug|x64.Build.0 = Debug|Any CPU
		{8F3A5DAA-9965-46C0-96D1-4D2EEEF7C2A5}.Debug|x86.ActiveCfg = Debug|Any CPU
		{8F3A5DAA-9965-46C0-96D1-4D2EEEF7C2A5}.Debug|x86.Build.0 = Debug|Any CPU
		{8F3A5DAA-9965-46C0-96D1-4D2EEEF7C2A5}.Release|Any CPU.ActiveCfg = Release|Any CPU
		{8F3A5DAA-9965-46C0-96D1-4D2EEEF7C2A5}.Release|Any CPU.Build.0 = Release|Any CPU
		{8F3A5DAA-9965-46C0-96D1-4D2EEEF7C2A5}.Release|x64.ActiveCfg = Release|Any CPU
		{8F3A5DAA-9965-46C0-96D1-4D2EEEF7C2A5}.Release|x64.Build.0 = Release|Any CPU
		{8F3A5DAA-9965-46C0-96D1-4D2EEEF7C2A5}.Release|x86.ActiveCfg = Release|Any CPU
		{8F3A5DAA-9965-46C0-96D1-4D2EEEF7C2A5}.Release|x86.Build.0 = Release|Any CPU
	EndGlobalSection
	GlobalSection(SolutionProperties) = preSolution
		HideSolutionNode = FALSE
	EndGlobalSection
	GlobalSection(NestedProjects) = preSolution
		{5CC37C18-F9A0-4135-A12B-847F63A3D57A} = {D54566E9-B31E-4F13-81AF-20C2574DA8A9}
		{16B95607-F68F-4C25-9070-AB85EA89BEBA} = {5485A2BC-3EC1-42EE-AA99-5DA01367FAB8}
		{8535D43B-9F17-48E7-9FA7-F0E4D940871B} = {5485A2BC-3EC1-42EE-AA99-5DA01367FAB8}
		{B94185EE-6C8A-40B9-8027-F0CFFB0FEDCE} = {055B809C-2097-46D4-B467-FE98E2E50A20}
		{FBE641EC-720C-4FD9-B32E-4D73B6E6A6C0} = {5D916472-FF95-45AF-BC42-BCE3821D2244}
		{8F3A5DAA-9965-46C0-96D1-4D2EEEF7C2A5} = {F238FEDA-6247-4616-8285-F202FB8414F7}
	EndGlobalSection
	GlobalSection(ExtensibilityGlobals) = postSolution
		SolutionGuid = {12F5B7C8-E15A-4903-B56F-071B94C8CCC5}
	EndGlobalSection
EndGlobal
